
Microsoft Visual Studio Solution File, Format Version 12.00
# Visual Studio Version 16
VisualStudioVersion = 16.0.30406.217
MinimumVisualStudioVersion = 10.0.40219.1
Project("{FAE04EC0-301F-11D3-BF4B-00C04F79EFBC}") = "01. Dishwasher", "01. Dishwasher\01. Dishwasher.csproj", "{D35423B2-D2C3-4050-B724-6C7A1541534B}"
EndProject
Project("{FAE04EC0-301F-11D3-BF4B-00C04F79EFBC}") = "02. Report System", "02. Report System\02. Report System.csproj", "{4A2E2873-17B1-441F-B145-2C618550B9F7}"
EndProject
Project("{FAE04EC0-301F-11D3-BF4B-00C04F79EFBC}") = "03. Stream Of Letters", "03. Stream Of Letters\03. Stream Of Letters.csproj", "{A3EB2204-2BAB-4C98-9AAE-9D8BEFF951F7}"
EndProject
Project("{FAE04EC0-301F-11D3-BF4B-00C04F79EFBC}") = "04. Numbers Divided by 3 Without Reminder", "04. Numbers Divided by 3 Without Reminde\04. Numbers Divided by 3 Without Reminder.csproj", "{C96DE1CC-341E-4BBE-97A4-0E12E784C4B6}"
EndProject
Project("{FAE04EC0-301F-11D3-BF4B-00C04F79EFBC}") = "05. Average Number", "05. Average Number\05. Average Number.csproj", "{191349CE-F96D-4F0E-8AC2-7917B55F4818}"
EndProject
Global
	GlobalSection(SolutionConfigurationPlatforms) = preSolution
		Debug|Any CPU = Debug|Any CPU
		Release|Any CPU = Release|Any CPU
	EndGlobalSection
	GlobalSection(ProjectConfigurationPlatforms) = postSolution
		{D35423B2-D2C3-4050-B724-6C7A1541534B}.Debug|Any CPU.ActiveCfg = Debug|Any CPU
		{D35423B2-D2C3-4050-B724-6C7A1541534B}.Debug|Any CPU.Build.0 = Debug|Any CPU
		{D35423B2-D2C3-4050-B724-6C7A1541534B}.Release|Any CPU.ActiveCfg = Release|Any CPU
		{D35423B2-D2C3-4050-B724-6C7A1541534B}.Release|Any CPU.Build.0 = Release|Any CPU
		{4A2E2873-17B1-441F-B145-2C618550B9F7}.Debug|Any CPU.ActiveCfg = Debug|Any CPU
		{4A2E2873-17B1-441F-B145-2C618550B9F7}.Debug|Any CPU.Build.0 = Debug|Any CPU
		{4A2E2873-17B1-441F-B145-2C618550B9F7}.Release|Any CPU.ActiveCfg = Release|Any CPU
		{4A2E2873-17B1-441F-B145-2C618550B9F7}.Release|Any CPU.Build.0 = Release|Any CPU
		{A3EB2204-2BAB-4C98-9AAE-9D8BEFF951F7}.Debug|Any CPU.ActiveCfg = Debug|Any CPU
		{A3EB2204-2BAB-4C98-9AAE-9D8BEFF951F7}.Debug|Any CPU.Build.0 = Debug|Any CPU
		{A3EB2204-2BAB-4C98-9AAE-9D8BEFF951F7}.Release|Any CPU.ActiveCfg = Release|Any CPU
		{A3EB2204-2BAB-4C98-9AAE-9D8BEFF951F7}.Release|Any CPU.Build.0 = Release|Any CPU
		{C96DE1CC-341E-4BBE-97A4-0E12E784C4B6}.Debug|Any CPU.ActiveCfg = Debug|Any CPU
		{C96DE1CC-341E-4BBE-97A4-0E12E784C4B6}.Debug|Any CPU.Build.0 = Debug|Any CPU
		{C96DE1CC-341E-4BBE-97A4-0E12E784C4B6}.Release|Any CPU.ActiveCfg = Release|Any CPU
		{C96DE1CC-341E-4BBE-97A4-0E12E784C4B6}.Release|Any CPU.Build.0 = Release|Any CPU
		{191349CE-F96D-4F0E-8AC2-7917B55F4818}.Debug|Any CPU.ActiveCfg = Debug|Any CPU
		{191349CE-F96D-4F0E-8AC2-7917B55F4818}.Debug|Any CPU.Build.0 = Debug|Any CPU
		{191349CE-F96D-4F0E-8AC2-7917B55F4818}.Release|Any CPU.ActiveCfg = Release|Any CPU
		{191349CE-F96D-4F0E-8AC2-7917B55F4818}.Release|Any CPU.Build.0 = Release|Any CPU
	EndGlobalSection
	GlobalSection(SolutionProperties) = preSolution
		HideSolutionNode = FALSE
	EndGlobalSection
	GlobalSection(ExtensibilityGlobals) = postSolution
		SolutionGuid = {C37A3038-3EDA-4C47-9993-F7F39CBC3F8A}
	EndGlobalSection
EndGlobal
